
Microsoft Visual Studio Solution File, Format Version 12.00
# Visual Studio Version 17
VisualStudioVersion = 17.4.33213.308
MinimumVisualStudioVersion = 10.0.40219.1
Project("{FAE04EC0-301F-11D3-BF4B-00C04F79EFBC}") = "OEMTechTest", "OEMTechTest.csproj", "{1DC4BEBC-6353-4062-B9A3-D1DDA4097667}"
EndProject
Project("{2150E333-8FDC-42A3-9474-1A3956D46DE8}") = "MEthods", "MEthods", "{44D6D72C-DC26-4AF5-980C-C42EBC7DBEF7}"
	ProjectSection(SolutionItems) = preProject
		Methods.cs = Methods.cs
	EndProjectSection
EndProject
Global
	GlobalSection(SolutionConfigurationPlatforms) = preSolution
		Debug|Any CPU = Debug|Any CPU
		Release|Any CPU = Release|Any CPU
	EndGlobalSection
	GlobalSection(ProjectConfigurationPlatforms) = postSolution
		{1DC4BEBC-6353-4062-B9A3-D1DDA4097667}.Debug|Any CPU.ActiveCfg = Debug|Any CPU
		{1DC4BEBC-6353-4062-B9A3-D1DDA4097667}.Debug|Any CPU.Build.0 = Debug|Any CPU
		{1DC4BEBC-6353-4062-B9A3-D1DDA4097667}.Release|Any CPU.ActiveCfg = Release|Any CPU
		{1DC4BEBC-6353-4062-B9A3-D1DDA4097667}.Release|Any CPU.Build.0 = Release|Any CPU
	EndGlobalSection
	GlobalSection(SolutionProperties) = preSolution
		HideSolutionNode = FALSE
	EndGlobalSection
	GlobalSection(ExtensibilityGlobals) = postSolution
		SolutionGuid = {057AE5D5-33CD-4C27-88F8-ED6C446771E2}
	EndGlobalSection
EndGlobal
